
Microsoft Visual Studio Solution File, Format Version 12.00
# Visual Studio Version 17
VisualStudioVersion = 17.5.33530.505
MinimumVisualStudioVersion = 10.0.40219.1
Project("{FAE04EC0-301F-11D3-BF4B-00C04F79EFBC}") = "Project", "Project\Project.csproj", "{F12EE3BA-8334-4813-B97F-54B87FAB2C73}"
EndProject
Global
	GlobalSection(SolutionConfigurationPlatforms) = preSolution
		Debug|Any CPU = Debug|Any CPU
		Release|Any CPU = Release|Any CPU
	EndGlobalSection
	GlobalSection(ProjectConfigurationPlatforms) = postSolution
		{F12EE3BA-8334-4813-B97F-54B87FAB2C73}.Debug|Any CPU.ActiveCfg = Debug|Any CPU
		{F12EE3BA-8334-4813-B97F-54B87FAB2C73}.Debug|Any CPU.Build.0 = Debug|Any CPU
		{F12EE3BA-8334-4813-B97F-54B87FAB2C73}.Release|Any CPU.ActiveCfg = Release|Any CPU
		{F12EE3BA-8334-4813-B97F-54B87FAB2C73}.Release|Any CPU.Build.0 = Release|Any CPU
	EndGlobalSection
	GlobalSection(SolutionProperties) = preSolution
		HideSolutionNode = FALSE
	EndGlobalSection
	GlobalSection(ExtensibilityGlobals) = postSolution
		SolutionGuid = {8A789169-0A3D-4C74-B271-98D0BD04AD07}
	EndGlobalSection
EndGlobal
